// !$*UTF8*$!
{
	archiveVersion = 1;
	classes = {
	};
	objectVersion = 50;
	objects = {

/* Begin PBXBuildFile section */
		4D3F81E45539F16A25DE48E6 /* Pods_eUsluge.framework in Frameworks */ = {isa = PBXBuildFile; fileRef = FBCB321E4AF6020DB82770BC /* Pods_eUsluge.framework */; };
		CE25175021369CC600E424E0 /* LoginViewController.swift in Sources */ = {isa = PBXBuildFile; fileRef = CE25174F21369CC600E424E0 /* LoginViewController.swift */; };
		CE2517522139635A00E424E0 /* City.swift in Sources */ = {isa = PBXBuildFile; fileRef = CE2517512139635A00E424E0 /* City.swift */; };
		CE25175421397FA600E424E0 /* DemoData.swift in Sources */ = {isa = PBXBuildFile; fileRef = CE25175321397FA600E424E0 /* DemoData.swift */; };
		CE583DBC20AACC680040E717 /* AppDelegate.swift in Sources */ = {isa = PBXBuildFile; fileRef = CE583DBB20AACC680040E717 /* AppDelegate.swift */; };
		CE583DBE20AACC680040E717 /* ServiceViewController.swift in Sources */ = {isa = PBXBuildFile; fileRef = CE583DBD20AACC680040E717 /* ServiceViewController.swift */; };
		CE583DC120AACC680040E717 /* Main.storyboard in Resources */ = {isa = PBXBuildFile; fileRef = CE583DBF20AACC680040E717 /* Main.storyboard */; };
		CE583DC320AACC690040E717 /* Assets.xcassets in Resources */ = {isa = PBXBuildFile; fileRef = CE583DC220AACC690040E717 /* Assets.xcassets */; };
		CE583DC620AACC690040E717 /* LaunchScreen.storyboard in Resources */ = {isa = PBXBuildFile; fileRef = CE583DC420AACC690040E717 /* LaunchScreen.storyboard */; };
		CE974F6320BAF6EA0042446A /* ServiceTableViewController.swift in Sources */ = {isa = PBXBuildFile; fileRef = CE974F6220BAF6EA0042446A /* ServiceTableViewController.swift */; };
		CE974F6520BAFA740042446A /* RatingControl.swift in Sources */ = {isa = PBXBuildFile; fileRef = CE974F6420BAFA740042446A /* RatingControl.swift */; };
		CE974F6720BB18F30042446A /* ServiceTableViewCell.swift in Sources */ = {isa = PBXBuildFile; fileRef = CE974F6620BB18F30042446A /* ServiceTableViewCell.swift */; };
		CE974F6920BB19F70042446A /* Service.swift in Sources */ = {isa = PBXBuildFile; fileRef = CE974F6820BB19F70042446A /* Service.swift */; };
		CEBC5BD820BEAA4E0039DA86 /* ChooseServiceViewController.swift in Sources */ = {isa = PBXBuildFile; fileRef = CEBC5BD720BEAA4E0039DA86 /* ChooseServiceViewController.swift */; };
/* End PBXBuildFile section */

/* Begin PBXFileReference section */
		61A43AE2AB9FF82F7669E857 /* Pods-eUsluge.debug.xcconfig */ = {isa = PBXFileReference; includeInIndex = 1; lastKnownFileType = text.xcconfig; name = "Pods-eUsluge.debug.xcconfig"; path = "Pods/Target Support Files/Pods-eUsluge/Pods-eUsluge.debug.xcconfig"; sourceTree = "<group>"; };
		9A57F34A4D512E9A59B4A443 /* Pods-eUsluge.release.xcconfig */ = {isa = PBXFileReference; includeInIndex = 1; lastKnownFileType = text.xcconfig; name = "Pods-eUsluge.release.xcconfig"; path = "Pods/Target Support Files/Pods-eUsluge/Pods-eUsluge.release.xcconfig"; sourceTree = "<group>"; };
		CE25174F21369CC600E424E0 /* LoginViewController.swift */ = {isa = PBXFileReference; lastKnownFileType = sourcecode.swift; path = LoginViewController.swift; sourceTree = "<group>"; };
		CE2517512139635A00E424E0 /* City.swift */ = {isa = PBXFileReference; lastKnownFileType = sourcecode.swift; path = City.swift; sourceTree = "<group>"; };
		CE25175321397FA600E424E0 /* DemoData.swift */ = {isa = PBXFileReference; lastKnownFileType = sourcecode.swift; path = DemoData.swift; sourceTree = "<group>"; };
		CE583DB820AACC680040E717 /* eUsluge.app */ = {isa = PBXFileReference; explicitFileType = wrapper.application; includeInIndex = 0; path = eUsluge.app; sourceTree = BUILT_PRODUCTS_DIR; };
		CE583DBB20AACC680040E717 /* AppDelegate.swift */ = {isa = PBXFileReference; lastKnownFileType = sourcecode.swift; path = AppDelegate.swift; sourceTree = "<group>"; };
		CE583DBD20AACC680040E717 /* ServiceViewController.swift */ = {isa = PBXFileReference; lastKnownFileType = sourcecode.swift; path = ServiceViewController.swift; sourceTree = "<group>"; };
		CE583DC020AACC680040E717 /* Base */ = {isa = PBXFileReference; lastKnownFileType = file.storyboard; name = Base; path = Base.lproj/Main.storyboard; sourceTree = "<group>"; };
		CE583DC220AACC690040E717 /* Assets.xcassets */ = {isa = PBXFileReference; lastKnownFileType = folder.assetcatalog; path = Assets.xcassets; sourceTree = "<group>"; };
		CE583DC520AACC690040E717 /* Base */ = {isa = PBXFileReference; lastKnownFileType = file.storyboard; name = Base; path = Base.lproj/LaunchScreen.storyboard; sourceTree = "<group>"; };
		CE583DC720AACC690040E717 /* Info.plist */ = {isa = PBXFileReference; lastKnownFileType = text.plist.xml; path = Info.plist; sourceTree = "<group>"; };
		CE974F6220BAF6EA0042446A /* ServiceTableViewController.swift */ = {isa = PBXFileReference; lastKnownFileType = sourcecode.swift; path = ServiceTableViewController.swift; sourceTree = "<group>"; };
		CE974F6420BAFA740042446A /* RatingControl.swift */ = {isa = PBXFileReference; lastKnownFileType = sourcecode.swift; path = RatingControl.swift; sourceTree = "<group>"; };
		CE974F6620BB18F30042446A /* ServiceTableViewCell.swift */ = {isa = PBXFileReference; lastKnownFileType = sourcecode.swift; path = ServiceTableViewCell.swift; sourceTree = "<group>"; };
		CE974F6820BB19F70042446A /* Service.swift */ = {isa = PBXFileReference; lastKnownFileType = sourcecode.swift; path = Service.swift; sourceTree = "<group>"; };
		CEBC5BD720BEAA4E0039DA86 /* ChooseServiceViewController.swift */ = {isa = PBXFileReference; lastKnownFileType = sourcecode.swift; path = ChooseServiceViewController.swift; sourceTree = "<group>"; };
		FBCB321E4AF6020DB82770BC /* Pods_eUsluge.framework */ = {isa = PBXFileReference; explicitFileType = wrapper.framework; includeInIndex = 0; path = Pods_eUsluge.framework; sourceTree = BUILT_PRODUCTS_DIR; };
/* End PBXFileReference section */

/* Begin PBXFrameworksBuildPhase section */
		CE583DB520AACC680040E717 /* Frameworks */ = {
			isa = PBXFrameworksBuildPhase;
			buildActionMask = 2147483647;
			files = (
				4D3F81E45539F16A25DE48E6 /* Pods_eUsluge.framework in Frameworks */,
			);
			runOnlyForDeploymentPostprocessing = 0;
		};
/* End PBXFrameworksBuildPhase section */

/* Begin PBXGroup section */
		C86782D42DC3E325624D6669 /* Pods */ = {
			isa = PBXGroup;
			children = (
				61A43AE2AB9FF82F7669E857 /* Pods-eUsluge.debug.xcconfig */,
				9A57F34A4D512E9A59B4A443 /* Pods-eUsluge.release.xcconfig */,
			);
			name = Pods;
			sourceTree = "<group>";
		};
		CE583DAF20AACC680040E717 = {
			isa = PBXGroup;
			children = (
				CE583DBA20AACC680040E717 /* eUsluge */,
				CE583DB920AACC680040E717 /* Products */,
				C86782D42DC3E325624D6669 /* Pods */,
				FCC62F6E80750CD2673EA2C2 /* Frameworks */,
			);
			sourceTree = "<group>";
		};
		CE583DB920AACC680040E717 /* Products */ = {
			isa = PBXGroup;
			children = (
				CE583DB820AACC680040E717 /* eUsluge.app */,
			);
			name = Products;
			sourceTree = "<group>";
		};
		CE583DBA20AACC680040E717 /* eUsluge */ = {
			isa = PBXGroup;
			children = (
				CE583DBB20AACC680040E717 /* AppDelegate.swift */,
				CE583DBD20AACC680040E717 /* ServiceViewController.swift */,
				CE974F6220BAF6EA0042446A /* ServiceTableViewController.swift */,
				CE974F6820BB19F70042446A /* Service.swift */,
				CE974F6420BAFA740042446A /* RatingControl.swift */,
				CE974F6620BB18F30042446A /* ServiceTableViewCell.swift */,
				CEBC5BD720BEAA4E0039DA86 /* ChooseServiceViewController.swift */,
				CE25174F21369CC600E424E0 /* LoginViewController.swift */,
				CE2517512139635A00E424E0 /* City.swift */,
				CE25175321397FA600E424E0 /* DemoData.swift */,
				CE583DBF20AACC680040E717 /* Main.storyboard */,
				CE583DC220AACC690040E717 /* Assets.xcassets */,
				CE583DC420AACC690040E717 /* LaunchScreen.storyboard */,
				CE583DC720AACC690040E717 /* Info.plist */,
			);
			path = eUsluge;
			sourceTree = "<group>";
		};
		FCC62F6E80750CD2673EA2C2 /* Frameworks */ = {
			isa = PBXGroup;
			children = (
				FBCB321E4AF6020DB82770BC /* Pods_eUsluge.framework */,
			);
			name = Frameworks;
			sourceTree = "<group>";
		};
/* End PBXGroup section */

/* Begin PBXNativeTarget section */
		CE583DB720AACC680040E717 /* eUsluge */ = {
			isa = PBXNativeTarget;
			buildConfigurationList = CE583DCA20AACC690040E717 /* Build configuration list for PBXNativeTarget "eUsluge" */;
			buildPhases = (
				460BA96A0A596531CA7A41B6 /* [CP] Check Pods Manifest.lock */,
				CE583DB420AACC680040E717 /* Sources */,
				CE583DB520AACC680040E717 /* Frameworks */,
				CE583DB620AACC680040E717 /* Resources */,
				944E2F4BD6D575DE27FF89A0 /* [CP] Embed Pods Frameworks */,
			);
			buildRules = (
			);
			dependencies = (
			);
			name = eUsluge;
			productName = eUsluge;
			productReference = CE583DB820AACC680040E717 /* eUsluge.app */;
			productType = "com.apple.product-type.application";
		};
/* End PBXNativeTarget section */

/* Begin PBXProject section */
		CE583DB020AACC680040E717 /* Project object */ = {
			isa = PBXProject;
			attributes = {
				LastSwiftUpdateCheck = 0930;
				LastUpgradeCheck = 0930;
				ORGANIZATIONNAME = "Sebastijan Kaplar";
				TargetAttributes = {
					CE583DB720AACC680040E717 = {
						CreatedOnToolsVersion = 9.3.1;
					};
				};
			};
			buildConfigurationList = CE583DB320AACC680040E717 /* Build configuration list for PBXProject "eUsluge" */;
			compatibilityVersion = "Xcode 9.3";
			developmentRegion = en;
			hasScannedForEncodings = 0;
			knownRegions = (
				en,
				Base,
			);
			mainGroup = CE583DAF20AACC680040E717;
			productRefGroup = CE583DB920AACC680040E717 /* Products */;
			projectDirPath = "";
			projectRoot = "";
			targets = (
				CE583DB720AACC680040E717 /* eUsluge */,
			);
		};
/* End PBXProject section */

/* Begin PBXResourcesBuildPhase section */
		CE583DB620AACC680040E717 /* Resources */ = {
			isa = PBXResourcesBuildPhase;
			buildActionMask = 2147483647;
			files = (
				CE583DC620AACC690040E717 /* LaunchScreen.storyboard in Resources */,
				CE583DC320AACC690040E717 /* Assets.xcassets in Resources */,
				CE583DC120AACC680040E717 /* Main.storyboard in Resources */,
			);
			runOnlyForDeploymentPostprocessing = 0;
		};
/* End PBXResourcesBuildPhase section */

/* Begin PBXShellScriptBuildPhase section */
		460BA96A0A596531CA7A41B6 /* [CP] Check Pods Manifest.lock */ = {
			isa = PBXShellScriptBuildPhase;
			buildActionMask = 2147483647;
			files = (
			);
			inputPaths = (
				"${PODS_PODFILE_DIR_PATH}/Podfile.lock",
				"${PODS_ROOT}/Manifest.lock",
			);
			name = "[CP] Check Pods Manifest.lock";
			outputPaths = (
				"$(DERIVED_FILE_DIR)/Pods-eUsluge-checkManifestLockResult.txt",
			);
			runOnlyForDeploymentPostprocessing = 0;
			shellPath = /bin/sh;
			shellScript = "diff \"${PODS_PODFILE_DIR_PATH}/Podfile.lock\" \"${PODS_ROOT}/Manifest.lock\" > /dev/null\nif [ $? != 0 ] ; then\n    # print error to STDERR\n    echo \"error: The sandbox is not in sync with the Podfile.lock. Run 'pod install' or update your CocoaPods installation.\" >&2\n    exit 1\nfi\n# This output is used by Xcode 'outputs' to avoid re-running this script phase.\necho \"SUCCESS\" > \"${SCRIPT_OUTPUT_FILE_0}\"\n";
			showEnvVarsInLog = 0;
		};
		944E2F4BD6D575DE27FF89A0 /* [CP] Embed Pods Frameworks */ = {
			isa = PBXShellScriptBuildPhase;
			buildActionMask = 2147483647;
			files = (
			);
			inputPaths = (
				"${SRCROOT}/Pods/Target Support Files/Pods-eUsluge/Pods-eUsluge-frameworks.sh",
				"${BUILT_PRODUCTS_DIR}/SearchTextField/SearchTextField.framework",
			);
			name = "[CP] Embed Pods Frameworks";
			outputPaths = (
				"${TARGET_BUILD_DIR}/${FRAMEWORKS_FOLDER_PATH}/SearchTextField.framework",
			);
			runOnlyForDeploymentPostprocessing = 0;
			shellPath = /bin/sh;
			shellScript = "\"${SRCROOT}/Pods/Target Support Files/Pods-eUsluge/Pods-eUsluge-frameworks.sh\"\n";
			showEnvVarsInLog = 0;
		};
/* End PBXShellScriptBuildPhase section */

/* Begin PBXSourcesBuildPhase section */
		CE583DB420AACC680040E717 /* Sources */ = {
			isa = PBXSourcesBuildPhase;
			buildActionMask = 2147483647;
			files = (
				CE974F6520BAFA740042446A /* RatingControl.swift in Sources */,
				CE974F6320BAF6EA0042446A /* ServiceTableViewController.swift in Sources */,
				CE2517522139635A00E424E0 /* City.swift in Sources */,
				CE974F6720BB18F30042446A /* ServiceTableViewCell.swift in Sources */,
				CE25175421397FA600E424E0 /* DemoData.swift in Sources */,
				CE583DBE20AACC680040E717 /* ServiceViewController.swift in Sources */,
				CE25175021369CC600E424E0 /* LoginViewController.swift in Sources */,
				CEBC5BD820BEAA4E0039DA86 /* ChooseServiceViewController.swift in Sources */,
				CE583DBC20AACC680040E717 /* AppDelegate.swift in Sources */,
				CE974F6920BB19F70042446A /* Service.swift in Sources */,
			);
			runOnlyForDeploymentPostprocessing = 0;
		};
/* End PBXSourcesBuildPhase section */

/* Begin PBXVariantGroup section */
		CE583DBF20AACC680040E717 /* Main.storyboard */ = {
			isa = PBXVariantGroup;
			children = (
				CE583DC020AACC680040E717 /* Base */,
			);
			name = Main.storyboard;
			sourceTree = "<group>";
		};
		CE583DC420AACC690040E717 /* LaunchScreen.storyboard */ = {
			isa = PBXVariantGroup;
			children = (
				CE583DC520AACC690040E717 /* Base */,
			);
			name = LaunchScreen.storyboard;
			sourceTree = "<group>";
		};
/* End PBXVariantGroup section */

/* Begin XCBuildConfiguration section */
		CE583DC820AACC690040E717 /* Debug */ = {
			isa = XCBuildConfiguration;
			buildSettings = {
				ALWAYS_SEARCH_USER_PATHS = NO;
				CLANG_ANALYZER_NONNULL = YES;
				CLANG_ANALYZER_NUMBER_OBJECT_CONVERSION = YES_AGGRESSIVE;
				CLANG_CXX_LANGUAGE_STANDARD = "gnu++14";
				CLANG_CXX_LIBRARY = "libc++";
				CLANG_ENABLE_MODULES = YES;
				CLANG_ENABLE_OBJC_ARC = YES;
				CLANG_ENABLE_OBJC_WEAK = YES;
				CLANG_WARN_BLOCK_CAPTURE_AUTORELEASING = YES;
				CLANG_WARN_BOOL_CONVERSION = YES;
				CLANG_WARN_COMMA = YES;
				CLANG_WARN_CONSTANT_CONVERSION = YES;
				CLANG_WARN_DEPRECATED_OBJC_IMPLEMENTATIONS = YES;
				CLANG_WARN_DIRECT_OBJC_ISA_USAGE = YES_ERROR;
				CLANG_WARN_DOCUMENTATION_COMMENTS = YES;
				CLANG_WARN_EMPTY_BODY = YES;
				CLANG_WARN_ENUM_CONVERSION = YES;
				CLANG_WARN_INFINITE_RECURSION = YES;
				CLANG_WARN_INT_CONVERSION = YES;
				CLANG_WARN_NON_LITERAL_NULL_CONVERSION = YES;
				CLANG_WARN_OBJC_IMPLICIT_RETAIN_SELF = YES;
				CLANG_WARN_OBJC_LITERAL_CONVERSION = YES;
				CLANG_WARN_OBJC_ROOT_CLASS = YES_ERROR;
				CLANG_WARN_RANGE_LOOP_ANALYSIS = YES;
				CLANG_WARN_STRICT_PROTOTYPES = YES;
				CLANG_WARN_SUSPICIOUS_MOVE = YES;
				CLANG_WARN_UNGUARDED_AVAILABILITY = YES_AGGRESSIVE;
				CLANG_WARN_UNREACHABLE_CODE = YES;
				CLANG_WARN__DUPLICATE_METHOD_MATCH = YES;
				CODE_SIGN_IDENTITY = "iPhone Developer";
				COPY_PHASE_STRIP = NO;
				DEBUG_INFORMATION_FORMAT = dwarf;
				ENABLE_STRICT_OBJC_MSGSEND = YES;
				ENABLE_TESTABILITY = YES;
				GCC_C_LANGUAGE_STANDARD = gnu11;
				GCC_DYNAMIC_NO_PIC = NO;
				GCC_NO_COMMON_BLOCKS = YES;
				GCC_OPTIMIZATION_LEVEL = 0;
				GCC_PREPROCESSOR_DEFINITIONS = (
					"DEBUG=1",
					"$(inherited)",
				);
				GCC_WARN_64_TO_32_BIT_CONVERSION = YES;
				GCC_WARN_ABOUT_RETURN_TYPE = YES_ERROR;
				GCC_WARN_UNDECLARED_SELECTOR = YES;
				GCC_WARN_UNINITIALIZED_AUTOS = YES_AGGRESSIVE;
				GCC_WARN_UNUSED_FUNCTION = YES;
				GCC_WARN_UNUSED_VARIABLE = YES;
				IPHONEOS_DEPLOYMENT_TARGET = 11.3;
				MTL_ENABLE_DEBUG_INFO = YES;
				ONLY_ACTIVE_ARCH = YES;
				SDKROOT = iphoneos;
				SWIFT_ACTIVE_COMPILATION_CONDITIONS = DEBUG;
				SWIFT_OPTIMIZATION_LEVEL = "-Onone";
			};
			name = Debug;
		};
		CE583DC920AACC690040E717 /* Release */ = {
			isa = XCBuildConfiguration;
			buildSettings = {
				ALWAYS_SEARCH_USER_PATHS = NO;
				CLANG_ANALYZER_NONNULL = YES;
				CLANG_ANALYZER_NUMBER_OBJECT_CONVERSION = YES_AGGRESSIVE;
				CLANG_CXX_LANGUAGE_STANDARD = "gnu++14";
				CLANG_CXX_LIBRARY = "libc++";
				CLANG_ENABLE_MODULES = YES;
				CLANG_ENABLE_OBJC_ARC = YES;
				CLANG_ENABLE_OBJC_WEAK = YES;
				CLANG_WARN_BLOCK_CAPTURE_AUTORELEASING = YES;
				CLANG_WARN_BOOL_CONVERSION = YES;
				CLANG_WARN_COMMA = YES;
				CLANG_WARN_CONSTANT_CONVERSION = YES;
				CLANG_WARN_DEPRECATED_OBJC_IMPLEMENTATIONS = YES;
				CLANG_WARN_DIRECT_OBJC_ISA_USAGE = YES_ERROR;
				CLANG_WARN_DOCUMENTATION_COMMENTS = YES;
				CLANG_WARN_EMPTY_BODY = YES;
				CLANG_WARN_ENUM_CONVERSION = YES;
				CLANG_WARN_INFINITE_RECURSION = YES;
				CLANG_WARN_INT_CONVERSION = YES;
				CLANG_WARN_NON_LITERAL_NULL_CONVERSION = YES;
				CLANG_WARN_OBJC_IMPLICIT_RETAIN_SELF = YES;
				CLANG_WARN_OBJC_LITERAL_CONVERSION = YES;
				CLANG_WARN_OBJC_ROOT_CLASS = YES_ERROR;
				CLANG_WARN_RANGE_LOOP_ANALYSIS = YES;
				CLANG_WARN_STRICT_PROTOTYPES = YES;
				CLANG_WARN_SUSPICIOUS_MOVE = YES;
				CLANG_WARN_UNGUARDED_AVAILABILITY = YES_AGGRESSIVE;
				CLANG_WARN_UNREACHABLE_CODE = YES;
				CLANG_WARN__DUPLICATE_METHOD_MATCH = YES;
				CODE_SIGN_IDENTITY = "iPhone Developer";
				COPY_PHASE_STRIP = NO;
				DEBUG_INFORMATION_FORMAT = "dwarf-with-dsym";
				ENABLE_NS_ASSERTIONS = NO;
				ENABLE_STRICT_OBJC_MSGSEND = YES;
				GCC_C_LANGUAGE_STANDARD = gnu11;
				GCC_NO_COMMON_BLOCKS = YES;
				GCC_WARN_64_TO_32_BIT_CONVERSION = YES;
				GCC_WARN_ABOUT_RETURN_TYPE = YES_ERROR;
				GCC_WARN_UNDECLARED_SELECTOR = YES;
				GCC_WARN_UNINITIALIZED_AUTOS = YES_AGGRESSIVE;
				GCC_WARN_UNUSED_FUNCTION = YES;
				GCC_WARN_UNUSED_VARIABLE = YES;
				IPHONEOS_DEPLOYMENT_TARGET = 11.3;
				MTL_ENABLE_DEBUG_INFO = NO;
				SDKROOT = iphoneos;
				SWIFT_COMPILATION_MODE = wholemodule;
				SWIFT_OPTIMIZATION_LEVEL = "-O";
				VALIDATE_PRODUCT = YES;
			};
			name = Release;
		};
		CE583DCB20AACC690040E717 /* Debug */ = {
			isa = XCBuildConfiguration;
			baseConfigurationReference = 61A43AE2AB9FF82F7669E857 /* Pods-eUsluge.debug.xcconfig */;
			buildSettings = {
				ASSETCATALOG_COMPILER_APPICON_NAME = AppIcon;
				CODE_SIGN_STYLE = Automatic;
				INFOPLIST_FILE = eUsluge/Info.plist;
				LD_RUNPATH_SEARCH_PATHS = (
					"$(inherited)",
					"@executable_path/Frameworks",
				);
				PRODUCT_BUNDLE_IDENTIFIER = rs.ftn.eUsluge;
				PRODUCT_NAME = "$(TARGET_NAME)";
				SWIFT_VERSION = 4.0;
				TARGETED_DEVICE_FAMILY = "1,2";
			};
			name = Debug;
		};
		CE583DCC20AACC690040E717 /* Release */ = {
			isa = XCBuildConfiguration;
			baseConfigurationReference = 9A57F34A4D512E9A59B4A443 /* Pods-eUsluge.release.xcconfig */;
			buildSettings = {
				ASSETCATALOG_COMPILER_APPICON_NAME = AppIcon;
				CODE_SIGN_STYLE = Automatic;
				INFOPLIST_FILE = eUsluge/Info.plist;
				LD_RUNPATH_SEARCH_PATHS = (
					"$(inherited)",
					"@executable_path/Frameworks",
				);
				PRODUCT_BUNDLE_IDENTIFIER = rs.ftn.eUsluge;
				PRODUCT_NAME = "$(TARGET_NAME)";
				SWIFT_VERSION = 4.0;
				TARGETED_DEVICE_FAMILY = "1,2";
			};
			name = Release;
		};
/* End XCBuildConfiguration section */

/* Begin XCConfigurationList section */
		CE583DB320AACC680040E717 /* Build configuration list for PBXProject "eUsluge" */ = {
			isa = XCConfigurationList;
			buildConfigurations = (
				CE583DC820AACC690040E717 /* Debug */,
				CE583DC920AACC690040E717 /* Release */,
			);
			defaultConfigurationIsVisible = 0;
			defaultConfigurationName = Release;
		};
		CE583DCA20AACC690040E717 /* Build configuration list for PBXNativeTarget "eUsluge" */ = {
			isa = XCConfigurationList;
			buildConfigurations = (
				CE583DCB20AACC690040E717 /* Debug */,
				CE583DCC20AACC690040E717 /* Release */,
			);
			defaultConfigurationIsVisible = 0;
			defaultConfigurationName = Release;
		};
/* End XCConfigurationList section */
	};
	rootObject = CE583DB020AACC680040E717 /* Project object */;
}
